# This file is automatically @generated by Poetry and should not be changed by hand.

[[package]]
name = "async-timeout"
version = "4.0.2"
description = "Timeout context manager for asyncio programs"
category = "main"
optional = false
python-versions = ">=3.6"
files = [
    {file = "async-timeout-4.0.2.tar.gz", hash = "sha256:2163e1640ddb52b7a8c80d0a67a08587e5d245cc9c553a74a847056bc2976b15"},
    {file = "async_timeout-4.0.2-py3-none-any.whl", hash = "sha256:8ca1e4fcf50d07413d66d1a5e416e42cfdf5851c981d679a09851a6853383b3c"},
]

[package.dependencies]
typing-extensions = {version = ">=3.6.5", markers = "python_version < \"3.8\""}

[[package]]
name = "ply"
version = "3.11"
description = "Python Lex & Yacc"
category = "main"
optional = false
python-versions = "*"
files = [
    {file = "ply-3.11-py2.py3-none-any.whl", hash = "sha256:096f9b8350b65ebd2fd1346b12452efe5b9607f7482813ffca50c22722a807ce"},
    {file = "ply-3.11.tar.gz", hash = "sha256:00c7c1aaa88358b9c765b6d3000c6eec0ba42abca5351b095321aef446081da3"},
]

[[package]]
name = "pyasn1"
version = "0.4.8"
description = "ASN.1 types and codecs"
category = "main"
optional = false
python-versions = "*"
files = [
    {file = "pyasn1-0.4.8-py2.py3-none-any.whl", hash = "sha256:39c7e2ec30515947ff4e87fb6f456dfc6e84857d34be479c9d4a4ba4bf46aa5d"},
    {file = "pyasn1-0.4.8.tar.gz", hash = "sha256:aef77c9fb94a3ac588e87841208bdec464471d9871bd5050a287cc9a475cd0ba"},
]

[[package]]
name = "pycryptodomex"
version = "3.16.0"
description = "Cryptographic library for Python"
category = "main"
optional = false
python-versions = ">=2.7, !=3.0.*, !=3.1.*, !=3.2.*, !=3.3.*, !=3.4.*"
files = [
    {file = "pycryptodomex-3.16.0-cp27-cp27m-macosx_10_9_x86_64.whl", hash = "sha256:b3d04c00d777c36972b539fb79958790126847d84ec0129fce1efef250bfe3ce"},
    {file = "pycryptodomex-3.16.0-cp27-cp27m-manylinux2010_i686.whl", hash = "sha256:e5a670919076b71522c7d567a9043f66f14b202414a63c3a078b5831ae342c03"},
    {file = "pycryptodomex-3.16.0-cp27-cp27m-manylinux2010_x86_64.whl", hash = "sha256:ce338a9703f54b2305a408fc9890eb966b727ce72b69f225898bb4e9d9ed3f1f"},
    {file = "pycryptodomex-3.16.0-cp27-cp27m-manylinux2014_aarch64.whl", hash = "sha256:a1c0ae7123448ecb034c75c713189cb00ebe2d415b11682865b6c54d200d9c93"},
    {file = "pycryptodomex-3.16.0-cp27-cp27m-win32.whl", hash = "sha256:8851585ff19871e5d69e1790f4ca5f6fd1699d6b8b14413b472a4c0dbc7ea780"},
    {file = "pycryptodomex-3.16.0-cp27-cp27m-win_amd64.whl", hash = "sha256:8dd2d9e3c617d0712ed781a77efd84ea579e76c5f9b2a4bc0b684ebeddf868b2"},
    {file = "pycryptodomex-3.16.0-cp27-cp27mu-manylinux2010_i686.whl", hash = "sha256:2ad9bb86b355b6104796567dd44c215b3dc953ef2fae5e0bdfb8516731df92cf"},
    {file = "pycryptodomex-3.16.0-cp27-cp27mu-manylinux2010_x86_64.whl", hash = "sha256:e25a2f5667d91795f9417cb856f6df724ccdb0cdd5cbadb212ee9bf43946e9f8"},
    {file = "pycryptodomex-3.16.0-cp27-cp27mu-manylinux2014_aarch64.whl", hash = "sha256:b0789a8490114a2936ed77c87792cfe77582c829cb43a6d86ede0f9624ba8aa3"},
    {file = "pycryptodomex-3.16.0-cp35-abi3-macosx_10_9_x86_64.whl", hash = "sha256:0da835af786fdd1c9930994c78b23e88d816dc3f99aa977284a21bbc26d19735"},
    {file = "pycryptodomex-3.16.0-cp35-abi3-manylinux2014_aarch64.whl", hash = "sha256:22aed0868622d95179217c298e37ed7410025c7b29dac236d3230617d1e4ed56"},
    {file = "pycryptodomex-3.16.0-cp35-abi3-manylinux_2_5_i686.manylinux1_i686.manylinux_2_12_i686.manylinux2010_i686.whl", hash = "sha256:1619087fb5b31510b0b0b058a54f001a5ffd91e6ffee220d9913064519c6a69d"},
    {file = "pycryptodomex-3.16.0-cp35-abi3-manylinux_2_5_x86_64.manylinux1_x86_64.manylinux_2_12_x86_64.manylinux2010_x86_64.whl", hash = "sha256:70288d9bfe16b2fd0d20b6c365db614428f1bcde7b20d56e74cf88ade905d9eb"},
    {file = "pycryptodomex-3.16.0-cp35-abi3-musllinux_1_1_aarch64.whl", hash = "sha256:7993d26dae4d83b8f4ce605bb0aecb8bee330bb3c95475ef06f3694403621e71"},
    {file = "pycryptodomex-3.16.0-cp35-abi3-musllinux_1_1_i686.whl", hash = "sha256:1cda60207be8c1cf0b84b9138f9e3ca29335013d2b690774a5e94678ff29659a"},
    {file = "pycryptodomex-3.16.0-cp35-abi3-musllinux_1_1_x86_64.whl", hash = "sha256:04610536921c1ec7adba158ef570348550c9f3a40bc24be9f8da2ef7ab387981"},
    {file = "pycryptodomex-3.16.0-cp35-abi3-win32.whl", hash = "sha256:daa67f5ebb6fbf1ee9c90decaa06ca7fc88a548864e5e484d52b0920a57fe8a5"},
    {file = "pycryptodomex-3.16.0-cp35-abi3-win_amd64.whl", hash = "sha256:231dc8008cbdd1ae0e34645d4523da2dbc7a88c325f0d4a59635a86ee25b41dd"},
    {file = "pycryptodomex-3.16.0-pp27-pypy_73-macosx_10_9_x86_64.whl", hash = "sha256:4dbbe18cc232b5980c7633972ae5417d0df76fe89e7db246eefd17ef4d8e6d7a"},
    {file = "pycryptodomex-3.16.0-pp27-pypy_73-manylinux2010_x86_64.whl", hash = "sha256:893f8a97d533c66cc3a56e60dd3ed40a3494ddb4aafa7e026429a08772f8a849"},
    {file = "pycryptodomex-3.16.0-pp27-pypy_73-win32.whl", hash = "sha256:6a465e4f856d2a4f2a311807030c89166529ccf7ccc65bef398de045d49144b6"},
    {file = "pycryptodomex-3.16.0-pp37-pypy37_pp73-macosx_10_9_x86_64.whl", hash = "sha256:ba57ac7861fd2c837cdb33daf822f2a052ff57dd769a2107807f52a36d0e8d38"},
    {file = "pycryptodomex-3.16.0-pp37-pypy37_pp73-manylinux_2_5_i686.manylinux1_i686.manylinux_2_12_i686.manylinux2010_i686.whl", hash = "sha256:f2b971a7b877348a27dcfd0e772a0343fb818df00b74078e91c008632284137d"},
    {file = "pycryptodomex-3.16.0-pp37-pypy37_pp73-manylinux_2_5_x86_64.manylinux1_x86_64.manylinux_2_12_x86_64.manylinux2010_x86_64.whl", hash = "sha256:e2453162f473c1eae4826eb10cd7bce19b5facac86d17fb5f29a570fde145abd"},
    {file = "pycryptodomex-3.16.0-pp37-pypy37_pp73-win_amd64.whl", hash = "sha256:0ba28aa97cdd3ff5ed1a4f2b7f5cd04e721166bd75bd2b929e2734433882b583"},
    {file = "pycryptodomex-3.16.0.tar.gz", hash = "sha256:e9ba9d8ed638733c9e95664470b71d624a6def149e2db6cc52c1aca5a6a2df1d"},
]

[[package]]
name = "pysmi"
version = "0.3.4"
description = "SNMP SMI/MIB Parser"
category = "main"
optional = false
python-versions = "*"
files = [
    {file = "pysmi-0.3.4-py2.py3-none-any.whl", hash = "sha256:2ec6ebd41aaef562695e7d0058763c6e1e8c1fbf8710804c11ef3a857fc9cad7"},
    {file = "pysmi-0.3.4.tar.gz", hash = "sha256:bd15a15020aee8376cab5be264c26330824a8b8164ed0195bd402dd59e4e8f7c"},
]

[package.dependencies]
ply = "*"

[[package]]
name = "pysnmp"
version = "4.4.12"
description = "SNMP library for Python"
category = "main"
optional = false
python-versions = "*"
files = [
    {file = "pysnmp-4.4.12-py2.py3-none-any.whl", hash = "sha256:d90946c5d7c55b1ddc03e065a99a2ed36e748dcf166ca04ee4126b8f25fc057a"},
    {file = "pysnmp-4.4.12.tar.gz", hash = "sha256:0c3dbef2f958caca96071fe5c19de43e9c1b0484ab02a0cf08b190bcee768ba9"},
]

[package.dependencies]
pyasn1 = ">=0.2.3"
pycryptodomex = "*"
pysmi = "*"

[[package]]
name = "typing-extensions"
version = "4.4.0"
description = "Backported and Experimental Type Hints for Python 3.7+"
category = "main"
optional = false
python-versions = ">=3.7"
files = [
    {file = "typing_extensions-4.4.0-py3-none-any.whl", hash = "sha256:16fa4864408f655d35ec496218b85f79b3437c829e93320c7c9215ccfd92489e"},
    {file = "typing_extensions-4.4.0.tar.gz", hash = "sha256:1511434bb92bf8dd198c12b1cc812e800d4181cfcb867674e0f8279cc93087aa"},
]

[metadata]
lock-version = "2.0"
python-versions = "^3.7"
content-hash = "b54a07925fe455d5e92f369e92cbb7f4670963c38462623fab7ec8b4e89fe80b"
